
Microsoft Visual Studio Solution File, Format Version 12.00
# Visual Studio Version 16
VisualStudioVersion = 16.0.31205.134
MinimumVisualStudioVersion = 10.0.40219.1
Project("{FAE04EC0-301F-11D3-BF4B-00C04F79EFBC}") = "Business", "Business\Business.csproj", "{9D0D357A-2A72-4E81-B268-19C746FB8DC3}"
EndProject
Project("{FAE04EC0-301F-11D3-BF4B-00C04F79EFBC}") = "Core", "Core\Core.csproj", "{F592EC65-0F29-4D7C-8895-F1E8A2ADB04C}"
EndProject
Project("{FAE04EC0-301F-11D3-BF4B-00C04F79EFBC}") = "DataAccess", "DataAccess\DataAccess.csproj", "{1855205F-57F4-4E51-A271-01E97577920A}"
EndProject
Project("{FAE04EC0-301F-11D3-BF4B-00C04F79EFBC}") = "Entities", "Entities\Entities.csproj", "{AB1C42F2-EAD9-4F6C-9129-FFF0777CF5F5}"
EndProject
Project("{FAE04EC0-301F-11D3-BF4B-00C04F79EFBC}") = "WebAPI", "WebAPI\WebAPI.csproj", "{6DAE9003-9824-440B-AEFF-AEC0270155FF}"
EndProject
Project("{FAE04EC0-301F-11D3-BF4B-00C04F79EFBC}") = "ConsoleUI", "ConsoleUI\ConsoleUI.csproj", "{F83DE4D6-49C7-4F3C-A137-88746BEA7075}"
EndProject
Global
	GlobalSection(SolutionConfigurationPlatforms) = preSolution
		Debug|Any CPU = Debug|Any CPU
		Release|Any CPU = Release|Any CPU
	EndGlobalSection
	GlobalSection(ProjectConfigurationPlatforms) = postSolution
		{9D0D357A-2A72-4E81-B268-19C746FB8DC3}.Debug|Any CPU.ActiveCfg = Debug|Any CPU
		{9D0D357A-2A72-4E81-B268-19C746FB8DC3}.Debug|Any CPU.Build.0 = Debug|Any CPU
		{9D0D357A-2A72-4E81-B268-19C746FB8DC3}.Release|Any CPU.ActiveCfg = Release|Any CPU
		{9D0D357A-2A72-4E81-B268-19C746FB8DC3}.Release|Any CPU.Build.0 = Release|Any CPU
		{F592EC65-0F29-4D7C-8895-F1E8A2ADB04C}.Debug|Any CPU.ActiveCfg = Debug|Any CPU
		{F592EC65-0F29-4D7C-8895-F1E8A2ADB04C}.Debug|Any CPU.Build.0 = Debug|Any CPU
		{F592EC65-0F29-4D7C-8895-F1E8A2ADB04C}.Release|Any CPU.ActiveCfg = Release|Any CPU
		{F592EC65-0F29-4D7C-8895-F1E8A2ADB04C}.Release|Any CPU.Build.0 = Release|Any CPU
		{1855205F-57F4-4E51-A271-01E97577920A}.Debug|Any CPU.ActiveCfg = Debug|Any CPU
		{1855205F-57F4-4E51-A271-01E97577920A}.Debug|Any CPU.Build.0 = Debug|Any CPU
		{1855205F-57F4-4E51-A271-01E97577920A}.Release|Any CPU.ActiveCfg = Release|Any CPU
		{1855205F-57F4-4E51-A271-01E97577920A}.Release|Any CPU.Build.0 = Release|Any CPU
		{AB1C42F2-EAD9-4F6C-9129-FFF0777CF5F5}.Debug|Any CPU.ActiveCfg = Debug|Any CPU
		{AB1C42F2-EAD9-4F6C-9129-FFF0777CF5F5}.Debug|Any CPU.Build.0 = Debug|Any CPU
		{AB1C42F2-EAD9-4F6C-9129-FFF0777CF5F5}.Release|Any CPU.ActiveCfg = Release|Any CPU
		{AB1C42F2-EAD9-4F6C-9129-FFF0777CF5F5}.Release|Any CPU.Build.0 = Release|Any CPU
		{6DAE9003-9824-440B-AEFF-AEC0270155FF}.Debug|Any CPU.ActiveCfg = Debug|Any CPU
		{6DAE9003-9824-440B-AEFF-AEC0270155FF}.Debug|Any CPU.Build.0 = Debug|Any CPU
		{6DAE9003-9824-440B-AEFF-AEC0270155FF}.Release|Any CPU.ActiveCfg = Release|Any CPU
		{6DAE9003-9824-440B-AEFF-AEC0270155FF}.Release|Any CPU.Build.0 = Release|Any CPU
		{F83DE4D6-49C7-4F3C-A137-88746BEA7075}.Debug|Any CPU.ActiveCfg = Debug|Any CPU
		{F83DE4D6-49C7-4F3C-A137-88746BEA7075}.Debug|Any CPU.Build.0 = Debug|Any CPU
		{F83DE4D6-49C7-4F3C-A137-88746BEA7075}.Release|Any CPU.ActiveCfg = Release|Any CPU
		{F83DE4D6-49C7-4F3C-A137-88746BEA7075}.Release|Any CPU.Build.0 = Release|Any CPU
	EndGlobalSection
	GlobalSection(SolutionProperties) = preSolution
		HideSolutionNode = FALSE
	EndGlobalSection
	GlobalSection(ExtensibilityGlobals) = postSolution
		SolutionGuid = {8AB96FBC-B374-49D2-8E17-06E6A0E8125E}
	EndGlobalSection
EndGlobal
